
Microsoft Visual Studio Solution File, Format Version 12.00
# Visual Studio 15
VisualStudioVersion = 15.0.28307.106
MinimumVisualStudioVersion = 10.0.40219.1
Project("{FAE04EC0-301F-11D3-BF4B-00C04F79EFBC}") = "UniversalLibraryForAzure", "UniversalLibraryForAzure\UniversalLibraryForAzure.csproj", "{F5814F7A-56EC-494B-A7F4-C8E5EC033E01}"
EndProject
Global
	GlobalSection(SolutionConfigurationPlatforms) = preSolution
		Debug|Any CPU = Debug|Any CPU
		Release|Any CPU = Release|Any CPU
	EndGlobalSection
	GlobalSection(ProjectConfigurationPlatforms) = postSolution
		{F5814F7A-56EC-494B-A7F4-C8E5EC033E01}.Debug|Any CPU.ActiveCfg = Debug|Any CPU
		{F5814F7A-56EC-494B-A7F4-C8E5EC033E01}.Debug|Any CPU.Build.0 = Debug|Any CPU
		{F5814F7A-56EC-494B-A7F4-C8E5EC033E01}.Release|Any CPU.ActiveCfg = Release|Any CPU
		{F5814F7A-56EC-494B-A7F4-C8E5EC033E01}.Release|Any CPU.Build.0 = Release|Any CPU
	EndGlobalSection
	GlobalSection(SolutionProperties) = preSolution
		HideSolutionNode = FALSE
	EndGlobalSection
	GlobalSection(ExtensibilityGlobals) = postSolution
		SolutionGuid = {07058910-2CB0-4F99-B9B2-EFA627E47802}
	EndGlobalSection
EndGlobal
